
Microsoft Visual Studio Solution File, Format Version 12.00
# Visual Studio Version 17
VisualStudioVersion = 17.9.34616.47
MinimumVisualStudioVersion = 10.0.40219.1
Project("{FAE04EC0-301F-11D3-BF4B-00C04F79EFBC}") = "WebTest1", "WebTest1\WebTest1.csproj", "{1A53AA30-3B67-44A2-8F3A-E6D31FFC1FDF}"
EndProject
Global
	GlobalSection(SolutionConfigurationPlatforms) = preSolution
		Debug|Any CPU = Debug|Any CPU
		Release|Any CPU = Release|Any CPU
	EndGlobalSection
	GlobalSection(ProjectConfigurationPlatforms) = postSolution
		{1A53AA30-3B67-44A2-8F3A-E6D31FFC1FDF}.Debug|Any CPU.ActiveCfg = Debug|Any CPU
		{1A53AA30-3B67-44A2-8F3A-E6D31FFC1FDF}.Debug|Any CPU.Build.0 = Debug|Any CPU
		{1A53AA30-3B67-44A2-8F3A-E6D31FFC1FDF}.Release|Any CPU.ActiveCfg = Release|Any CPU
		{1A53AA30-3B67-44A2-8F3A-E6D31FFC1FDF}.Release|Any CPU.Build.0 = Release|Any CPU
	EndGlobalSection
	GlobalSection(SolutionProperties) = preSolution
		HideSolutionNode = FALSE
	EndGlobalSection
	GlobalSection(ExtensibilityGlobals) = postSolution
		SolutionGuid = {A3EDA3E9-8409-4E05-B401-C09D665B8205}
	EndGlobalSection
EndGlobal
